
Microsoft Visual Studio Solution File, Format Version 12.00
Project("{FAE04EC0-301F-11D3-BF4B-00C04F79EFBC}") = "igvc_csharp", "igvc_csharp.csproj", "{186A6AF4-42E8-48BE-9DB5-2F1B95A076DF}"
EndProject
Global
	GlobalSection(SolutionConfigurationPlatforms) = preSolution
		Debug|Any CPU = Debug|Any CPU
		Release|Any CPU = Release|Any CPU
	EndGlobalSection
	GlobalSection(ProjectConfigurationPlatforms) = postSolution
		{186A6AF4-42E8-48BE-9DB5-2F1B95A076DF}.Debug|Any CPU.ActiveCfg = Debug|Any CPU
		{186A6AF4-42E8-48BE-9DB5-2F1B95A076DF}.Debug|Any CPU.Build.0 = Debug|Any CPU
		{186A6AF4-42E8-48BE-9DB5-2F1B95A076DF}.Release|Any CPU.ActiveCfg = Release|Any CPU
		{186A6AF4-42E8-48BE-9DB5-2F1B95A076DF}.Release|Any CPU.Build.0 = Release|Any CPU
	EndGlobalSection
EndGlobal
